FORGE
  remote: https://forgeapi.puppetlabs.com
  specs:
    codingfuture-cfauth (0.9.3)
      codingfuture-cfnetwork (>= 0.9.4)
      puppetlabs-stdlib (>= 4.11.0)
    codingfuture-cffirehol (0.9.6)
      codingfuture-cfnetwork (>= 0.9.4)
      puppetlabs-apt (>= 2.2.1)
      puppetlabs-stdlib (>= 4.11.0)
    codingfuture-cfnetwork (0.9.4)
      herculesteam-augeasproviders_sysctl (>= 2.0.2)
      puppetlabs-stdlib (>= 4.11.0)
    codingfuture-cfpuppetserver (0.9.1)
      codingfuture-cfnetwork (>= 0.9.4)
      codingfuture-cfsystem (>= 0.9.5)
      puppetlabs-apt (>= 2.2.1)
      puppetlabs-postgresql (>= 4.7.1)
      puppetlabs-puppetdb (>= 5.1.1)
      puppetlabs-stdlib (>= 4.11.0)
    codingfuture-cfsystem (0.9.6)
      codingfuture-cfauth (>= 0.9.3)
      codingfuture-cfnetwork (>= 0.9.4)
      herculesteam-augeasproviders_sysctl (>= 2.0.2)
      puppetlabs-apt (>= 2.2.1)
      puppetlabs-git (>= 0.4.0)
      puppetlabs-stdlib (>= 4.11.0)
    herculesteam-augeasproviders_core (2.1.2)
      puppetlabs-stdlib (< 5.0.0, >= 3.2.0)
    herculesteam-augeasproviders_sysctl (2.0.2)
      herculesteam-augeasproviders_core (< 3.0.0, >= 2.1.0)
    puppetlabs-apt (2.2.1)
      puppetlabs-stdlib (< 5.0.0, >= 4.5.0)
    puppetlabs-concat (2.1.0)
      puppetlabs-stdlib (< 5.0.0, >= 3.2.0)
    puppetlabs-firewall (1.8.0)
    puppetlabs-git (0.4.0)
      puppetlabs-stdlib (>= 3.2.0)
    puppetlabs-inifile (1.4.3)
    puppetlabs-postgresql (4.7.1)
      puppetlabs-apt (< 3.0.0, >= 1.8.0)
      puppetlabs-concat (< 3.0.0, >= 1.1.0)
      puppetlabs-stdlib (~> 4.0)
    puppetlabs-puppetdb (5.1.1)
      puppetlabs-firewall (< 2.0.0, >= 1.1.3)
      puppetlabs-inifile (< 2.0.0, >= 1.1.3)
      puppetlabs-postgresql (< 5.0.0, >= 4.0.0)
      puppetlabs-stdlib (< 5.0.0, >= 4.2.2)
    puppetlabs-stdlib (4.11.0)

DEPENDENCIES
  codingfuture-cfauth (>= 0)
  codingfuture-cffirehol (>= 0)
  codingfuture-cfnetwork (>= 0)
  codingfuture-cfpuppetserver (>= 0)
  codingfuture-cfsystem (>= 0)

